
Microsoft Visual Studio Solution File, Format Version 12.00
# Visual Studio Version 16
VisualStudioVersion = 16.0.31205.134
MinimumVisualStudioVersion = 10.0.40219.1
Project("{FAE04EC0-301F-11D3-BF4B-00C04F79EFBC}") = "azure", "azure\azure.csproj", "{ADEAD3D4-49EF-4CA6-8E0E-5A648BF6B94A}"
EndProject
Global
	GlobalSection(SolutionConfigurationPlatforms) = preSolution
		Debug|Any CPU = Debug|Any CPU
		Release|Any CPU = Release|Any CPU
	EndGlobalSection
	GlobalSection(ProjectConfigurationPlatforms) = postSolution
		{ADEAD3D4-49EF-4CA6-8E0E-5A648BF6B94A}.Debug|Any CPU.ActiveCfg = Debug|Any CPU
		{ADEAD3D4-49EF-4CA6-8E0E-5A648BF6B94A}.Debug|Any CPU.Build.0 = Debug|Any CPU
		{ADEAD3D4-49EF-4CA6-8E0E-5A648BF6B94A}.Release|Any CPU.ActiveCfg = Release|Any CPU
		{ADEAD3D4-49EF-4CA6-8E0E-5A648BF6B94A}.Release|Any CPU.Build.0 = Release|Any CPU
	EndGlobalSection
	GlobalSection(SolutionProperties) = preSolution
		HideSolutionNode = FALSE
	EndGlobalSection
	GlobalSection(ExtensibilityGlobals) = postSolution
		SolutionGuid = {425CC6F6-5331-4916-86D0-687E819D3733}
	EndGlobalSection
EndGlobal
